
Microsoft Visual Studio Solution File, Format Version 12.00
# Visual Studio Version 17
VisualStudioVersion = 17.8.34330.188
MinimumVisualStudioVersion = 10.0.40219.1
Project("{FAE04EC0-301F-11D3-BF4B-00C04F79EFBC}") = "WebformAss9", "WebformAss9\WebformAss9.csproj", "{528D098E-A03E-431C-93BB-3229986D9314}"
EndProject
Global
	GlobalSection(SolutionConfigurationPlatforms) = preSolution
		Debug|Any CPU = Debug|Any CPU
		Release|Any CPU = Release|Any CPU
	EndGlobalSection
	GlobalSection(ProjectConfigurationPlatforms) = postSolution
		{528D098E-A03E-431C-93BB-3229986D9314}.Debug|Any CPU.ActiveCfg = Debug|Any CPU
		{528D098E-A03E-431C-93BB-3229986D9314}.Debug|Any CPU.Build.0 = Debug|Any CPU
		{528D098E-A03E-431C-93BB-3229986D9314}.Release|Any CPU.ActiveCfg = Release|Any CPU
		{528D098E-A03E-431C-93BB-3229986D9314}.Release|Any CPU.Build.0 = Release|Any CPU
	EndGlobalSection
	GlobalSection(SolutionProperties) = preSolution
		HideSolutionNode = FALSE
	EndGlobalSection
	GlobalSection(ExtensibilityGlobals) = postSolution
		SolutionGuid = {30956729-CC1B-4A53-B5C4-CC2D11E8BB2F}
	EndGlobalSection
EndGlobal
